PODS:
  - Alamofire (3.4.0)
  - AutocompleteField (1.1)
  - BRYXBanner (0.5.2):
    - BRYXBanner/Core (= 0.5.2)
  - BRYXBanner/Core (0.5.2)
  - Charts (2.2.4):
    - Charts/Core (= 2.2.4)
  - Charts/Core (2.2.4)
  - CircleProgressView (1.0.10)
  - CVCalendar (1.2.9)
  - FMDB (2.6.2):
    - FMDB/standard (= 2.6.2)
  - FMDB/standard (2.6.2)
  - IQKeyboardManagerSwift (4.0.4)
  - MRProgress (0.8.3):
    - MRProgress/ActivityIndicator (= 0.8.3)
    - MRProgress/Blur (= 0.8.3)
    - MRProgress/Circular (= 0.8.3)
    - MRProgress/Icons (= 0.8.3)
    - MRProgress/NavigationBarProgress (= 0.8.3)
    - MRProgress/Overlay (= 0.8.3)
  - MRProgress/ActivityIndicator (0.8.3):
    - MRProgress/Stopable
  - MRProgress/Blur (0.8.3):
    - MRProgress/Helper
  - MRProgress/Circular (0.8.3):
    - MRProgress/Helper
    - MRProgress/ProgressBaseClass
    - MRProgress/Stopable
  - MRProgress/Helper (0.8.3)
  - MRProgress/Icons (0.8.3)
  - MRProgress/NavigationBarProgress (0.8.3):
    - MRProgress/ProgressBaseClass
  - MRProgress/Overlay (0.8.3):
    - MRProgress/ActivityIndicator
    - MRProgress/Blur
    - MRProgress/Circular
    - MRProgress/Helper
    - MRProgress/Icons
  - MRProgress/ProgressBaseClass (0.8.3)
  - MRProgress/Stopable (0.8.3):
    - MRProgress/Helper
  - MSCellAccessory (1.1.2)
  - PagingMenuController (0.10.1)
  - Realm (1.0.2):
    - Realm/Headers (= 1.0.2)
  - Realm/Headers (1.0.2)
  - RealmSwift (1.0.2):
    - Realm (= 1.0.2)
  - RegexKitLite (4.0)
  - SDCycleScrollView (1.64):
    - SDWebImage (~> 3.7)
  - SDWebImage (3.7.6):
    - SDWebImage/Core (= 3.7.6)
  - SDWebImage/Core (3.7.6)
  - SMSegmentView (1.1)
  - SwiftEventBus (1.1.0)
  - SwiftyJSON (2.3.2)
  - SwiftyTimer (1.4.0)
  - Timepiece (0.4.2)
  - UIColor_Hex_Swift (2.1)
  - XCGLogger (3.3)

DEPENDENCIES:
  - Alamofire (~> 3.0)
  - AutocompleteField (~> 1.1)
  - BRYXBanner
  - Charts
  - CircleProgressView (from `https://github.com/CardinalNow/iOS-CircleProgressView.git`)
  - CVCalendar (~> 1.2.9)
  - FMDB
  - IQKeyboardManagerSwift
  - MRProgress
  - MSCellAccessory
  - PagingMenuController
  - RealmSwift
  - RegexKitLite
  - SDCycleScrollView (~> 1.3)
  - SMSegmentView (~> 1.1)
  - SwiftEventBus (from `https://github.com/cesarferreira/SwiftEventBus.git`)
  - SwiftyJSON (from `https://github.com/SwiftyJSON/SwiftyJSON.git`)
  - SwiftyTimer
  - Timepiece
  - UIColor_Hex_Swift (~> 2.1)
  - XCGLogger (~> 3.3)

EXTERNAL SOURCES:
  CircleProgressView:
    :git: https://github.com/CardinalNow/iOS-CircleProgressView.git
  SwiftEventBus:
    :git: https://github.com/cesarferreira/SwiftEventBus.git
  SwiftyJSON:
    :git: https://github.com/SwiftyJSON/SwiftyJSON.git

CHECKOUT OPTIONS:
  CircleProgressView:
    :commit: cb2f3707ff3c401184d218f6e335a537d0ba2f13
    :git: https://github.com/CardinalNow/iOS-CircleProgressView.git
  SwiftEventBus:
    :commit: 4b8cbb5a8227b3c29af75e0416689d26178733d8
    :git: https://github.com/cesarferreira/SwiftEventBus.git
  SwiftyJSON:
    :commit: 2a5b70f06001316d4fb54501edc70b4084705da0
    :git: https://github.com/SwiftyJSON/SwiftyJSON.git

SPEC CHECKSUMS:
  Alamofire: c19a627cefd6a95f840401c49ab1f124e07f54ee
  AutocompleteField: 212b36bef0218f22c05d80035be2d382acd5a4e2
  BRYXBanner: 5f0911d52e0a77e088f7ea7ddcdebd02afb7828a
  Charts: a9e735c83c6d376ade20f6612dcf0ba217394a49
  CircleProgressView: 5116fc2d3be792d755e6979d7f7309648de79d11
  CVCalendar: 0799256e0bc3b43e83b7e86c0729ce9ff0624cb6
  FMDB: 854a0341b4726e53276f2a8996f06f1b80f9259a
  IQKeyboardManagerSwift: e0964d04d6a29b71016fd346dca13ecb80a2823a
  MRProgress: 16de7cc9f347e8846797a770db102a323fe7ef09
  MSCellAccessory: 8265f3cd2386c1f372da00232472605ab11426e4
  PagingMenuController: 839065014839c033343ea640cba01c0e5b3c0476
  Realm: 9d5c46a4d7d27958530a8dfc58f63a99e5c2cba3
  RealmSwift: 82f3ac5e24530143dddfde2033acc0d308f27d96
  RegexKitLite: c0e4c12e6e7de0769f3a3ed679f0f61604170661
  SDCycleScrollView: 806fedb9342ab03b58b84442f985517b42c7cbb7
  SDWebImage: c325cf02c30337336b95beff20a13df489ec0ec9
  SMSegmentView: a99862f36ea73478558ae665c209cb80c0d4f059
  SwiftEventBus: d334f7aecbddbd995c3de5c262cf35c72db550f3
  SwiftyJSON: 04ccea08915aa0109039157c7974cf0298da292a
  SwiftyTimer: db4458cfaf67fc71e16ad6e4637c60b86f76a649
  Timepiece: cf53bb908bf542acc0e3d5f69cabfed869df4ebd
  UIColor_Hex_Swift: e91dc51f6bf252ec7bf74c8704ceedeeb7640c1c
  XCGLogger: d6e196e78940ff6daab17d6917107876f973fa31

PODFILE CHECKSUM: f7f37ac95d5ad9531aa554d9e94ea88163d4a1e6

COCOAPODS: 1.1.0.beta.1
