PODS:
  - Alamofire (3.2.1)
  - AutocompleteField (1.1)
  - Charts (2.2.3):
    - Charts/Core (= 2.2.3)
  - Charts/Core (2.2.3)
  - CircleProgressView (1.0.9)
  - CVCalendar (1.2.9)
  - FMDB (2.6):
    - FMDB/standard (= 2.6)
  - FMDB/standard (2.6)
  - NVActivityIndicatorView (2.3)
  - SDCycleScrollView (1.62):
    - SDWebImage (~> 3.7)
  - SDWebImage (3.7.5):
    - SDWebImage/Core (= 3.7.5)
  - SDWebImage/Core (3.7.5)
  - SMSegmentView (1.1)
  - SwiftEventBus (1.1.0)
  - Timepiece (0.4.2)
  - UIColor_Hex_Swift (2.1)
  - XCGLogger (3.3)
  - YYKeyboardManager (1.0.1)

DEPENDENCIES:
  - Alamofire (~> 3.0)
  - AutocompleteField (~> 1.1)
  - Charts
  - CircleProgressView (from `https://github.com/CardinalNow/iOS-CircleProgressView.git`)
  - CVCalendar (~> 1.2.9)
  - FMDB
  - NVActivityIndicatorView
  - SDCycleScrollView (~> 1.3)
  - SMSegmentView (~> 1.1)
  - SwiftEventBus (from `https://github.com/cesarferreira/SwiftEventBus.git`)
  - Timepiece
  - UIColor_Hex_Swift (~> 2.1)
  - XCGLogger (~> 3.3)
  - YYKeyboardManager

EXTERNAL SOURCES:
  CircleProgressView:
    :git: https://github.com/CardinalNow/iOS-CircleProgressView.git
  SwiftEventBus:
    :git: https://github.com/cesarferreira/SwiftEventBus.git

CHECKOUT OPTIONS:
  CircleProgressView:
    :commit: 45bb66966d8d34b9808fd4ad645a5b8c8f00f02f
    :git: https://github.com/CardinalNow/iOS-CircleProgressView.git
  SwiftEventBus:
    :commit: 4b8cbb5a8227b3c29af75e0416689d26178733d8
    :git: https://github.com/cesarferreira/SwiftEventBus.git

SPEC CHECKSUMS:
  Alamofire: f11d8624a05f5d39e0c99309b3e600a3ba64298a
  AutocompleteField: 212b36bef0218f22c05d80035be2d382acd5a4e2
  Charts: f54267bb3f0f0e74520c6f248517cf5074dfd6fc
  CircleProgressView: fb5cd84be2abd908459d8dd087d94c4bdb7e60cf
  CVCalendar: 0799256e0bc3b43e83b7e86c0729ce9ff0624cb6
  FMDB: c1968bab3ab0aed38f66cb778ae1e7fa9a652b6e
  NVActivityIndicatorView: c7ef25ef527ab5e51b00322cb1ddd58681bcf2a3
  SDCycleScrollView: ae016cb4cc4036523917f146ede6f7b11d408f6a
  SDWebImage: 69c6303e3348fba97e03f65d65d4fbc26740f461
  SMSegmentView: a99862f36ea73478558ae665c209cb80c0d4f059
  SwiftEventBus: d334f7aecbddbd995c3de5c262cf35c72db550f3
  Timepiece: cf53bb908bf542acc0e3d5f69cabfed869df4ebd
  UIColor_Hex_Swift: e91dc51f6bf252ec7bf74c8704ceedeeb7640c1c
  XCGLogger: d6e196e78940ff6daab17d6917107876f973fa31
  YYKeyboardManager: ff53d2e80d1808567a7f004028bd200d9469a89f

COCOAPODS: 0.39.0
