PODS:
  - Alamofire (3.2.1)
  - AutocompleteField (1.1)
  - BRYXBanner (0.5.2):
    - BRYXBanner/Core (= 0.5.2)
  - BRYXBanner/Core (0.5.2)
  - Charts (2.2.3):
    - Charts/Core (= 2.2.3)
  - Charts/Core (2.2.3)
  - CircleProgressView (1.0.9)
  - CVCalendar (1.2.9)
  - FMDB (2.6):
    - FMDB/standard (= 2.6)
  - FMDB/standard (2.6)
  - MRProgress (0.8.3):
    - MRProgress/ActivityIndicator (= 0.8.3)
    - MRProgress/Blur (= 0.8.3)
    - MRProgress/Circular (= 0.8.3)
    - MRProgress/Icons (= 0.8.3)
    - MRProgress/NavigationBarProgress (= 0.8.3)
    - MRProgress/Overlay (= 0.8.3)
  - MRProgress/ActivityIndicator (0.8.3):
    - MRProgress/Stopable
  - MRProgress/Blur (0.8.3):
    - MRProgress/Helper
  - MRProgress/Circular (0.8.3):
    - MRProgress/Helper
    - MRProgress/ProgressBaseClass
    - MRProgress/Stopable
  - MRProgress/Helper (0.8.3)
  - MRProgress/Icons (0.8.3)
  - MRProgress/NavigationBarProgress (0.8.3):
    - MRProgress/ProgressBaseClass
  - MRProgress/Overlay (0.8.3):
    - MRProgress/ActivityIndicator
    - MRProgress/Blur
    - MRProgress/Circular
    - MRProgress/Helper
    - MRProgress/Icons
  - MRProgress/ProgressBaseClass (0.8.3)
  - MRProgress/Stopable (0.8.3):
    - MRProgress/Helper
  - PagingMenuController (0.9.1)
  - RegexKitLite (4.0)
  - SDCycleScrollView (1.62):
    - SDWebImage (~> 3.7)
  - SDWebImage (3.7.5):
    - SDWebImage/Core (= 3.7.5)
  - SDWebImage/Core (3.7.5)
  - SMSegmentView (1.1)
  - SwiftEventBus (1.1.0)
  - SwiftyJSON (2.3.2)
  - SwiftyTimer (1.4.0)
  - Timepiece (0.4.2)
  - UIColor_Hex_Swift (2.1)
  - XCGLogger (3.3)
  - YYKeyboardManager (1.0.1)

DEPENDENCIES:
  - Alamofire (~> 3.0)
  - AutocompleteField (~> 1.1)
  - BRYXBanner
  - Charts
  - CircleProgressView (from `https://github.com/CardinalNow/iOS-CircleProgressView.git`)
  - CVCalendar (~> 1.2.9)
  - FMDB
  - MRProgress
  - PagingMenuController
  - RegexKitLite
  - SDCycleScrollView (~> 1.3)
  - SMSegmentView (~> 1.1)
  - SwiftEventBus (from `https://github.com/cesarferreira/SwiftEventBus.git`)
  - SwiftyJSON (from `https://github.com/SwiftyJSON/SwiftyJSON.git`)
  - SwiftyTimer
  - Timepiece
  - UIColor_Hex_Swift (~> 2.1)
  - XCGLogger (~> 3.3)
  - YYKeyboardManager

EXTERNAL SOURCES:
  CircleProgressView:
    :git: https://github.com/CardinalNow/iOS-CircleProgressView.git
  SwiftEventBus:
    :git: https://github.com/cesarferreira/SwiftEventBus.git
  SwiftyJSON:
    :git: https://github.com/SwiftyJSON/SwiftyJSON.git

CHECKOUT OPTIONS:
  CircleProgressView:
    :commit: 45bb66966d8d34b9808fd4ad645a5b8c8f00f02f
    :git: https://github.com/CardinalNow/iOS-CircleProgressView.git
  SwiftEventBus:
    :commit: 4b8cbb5a8227b3c29af75e0416689d26178733d8
    :git: https://github.com/cesarferreira/SwiftEventBus.git
  SwiftyJSON:
    :commit: 2a5b70f06001316d4fb54501edc70b4084705da0
    :git: https://github.com/SwiftyJSON/SwiftyJSON.git

SPEC CHECKSUMS:
  Alamofire: f11d8624a05f5d39e0c99309b3e600a3ba64298a
  AutocompleteField: 212b36bef0218f22c05d80035be2d382acd5a4e2
  BRYXBanner: 5f0911d52e0a77e088f7ea7ddcdebd02afb7828a
  Charts: f54267bb3f0f0e74520c6f248517cf5074dfd6fc
  CircleProgressView: fb5cd84be2abd908459d8dd087d94c4bdb7e60cf
  CVCalendar: 0799256e0bc3b43e83b7e86c0729ce9ff0624cb6
  FMDB: c1968bab3ab0aed38f66cb778ae1e7fa9a652b6e
  MRProgress: 16de7cc9f347e8846797a770db102a323fe7ef09
  PagingMenuController: 95bab00761e1ba4f4f9fa6bf22ac71b065a675aa
  RegexKitLite: c0e4c12e6e7de0769f3a3ed679f0f61604170661
  SDCycleScrollView: ae016cb4cc4036523917f146ede6f7b11d408f6a
  SDWebImage: 69c6303e3348fba97e03f65d65d4fbc26740f461
  SMSegmentView: a99862f36ea73478558ae665c209cb80c0d4f059
  SwiftEventBus: d334f7aecbddbd995c3de5c262cf35c72db550f3
  SwiftyJSON: 04ccea08915aa0109039157c7974cf0298da292a
  SwiftyTimer: db4458cfaf67fc71e16ad6e4637c60b86f76a649
  Timepiece: cf53bb908bf542acc0e3d5f69cabfed869df4ebd
  UIColor_Hex_Swift: e91dc51f6bf252ec7bf74c8704ceedeeb7640c1c
  XCGLogger: d6e196e78940ff6daab17d6917107876f973fa31
  YYKeyboardManager: ff53d2e80d1808567a7f004028bd200d9469a89f

COCOAPODS: 0.39.0
